
Microsoft Visual Studio Solution File, Format Version 12.00
# Visual Studio Version 17
VisualStudioVersion = 17.4.33205.214
MinimumVisualStudioVersion = 10.0.40219.1
Project("{FAE04EC0-301F-11D3-BF4B-00C04F79EFBC}") = "LAB-IN402105-7-2-66", "LAB-IN402105-7-2-66\LAB-IN402105-7-2-66.csproj", "{59478BEE-EEBE-4C32-8B2F-D93077E08F09}"
EndProject
Global
	GlobalSection(SolutionConfigurationPlatforms) = preSolution
		Debug|Any CPU = Debug|Any CPU
		Release|Any CPU = Release|Any CPU
	EndGlobalSection
	GlobalSection(ProjectConfigurationPlatforms) = postSolution
		{59478BEE-EEBE-4C32-8B2F-D93077E08F09}.Debug|Any CPU.ActiveCfg = Debug|Any CPU
		{59478BEE-EEBE-4C32-8B2F-D93077E08F09}.Debug|Any CPU.Build.0 = Debug|Any CPU
		{59478BEE-EEBE-4C32-8B2F-D93077E08F09}.Release|Any CPU.ActiveCfg = Release|Any CPU
		{59478BEE-EEBE-4C32-8B2F-D93077E08F09}.Release|Any CPU.Build.0 = Release|Any CPU
	EndGlobalSection
	GlobalSection(SolutionProperties) = preSolution
		HideSolutionNode = FALSE
	EndGlobalSection
	GlobalSection(ExtensibilityGlobals) = postSolution
		SolutionGuid = {6239AF3C-084D-47E2-A6D1-C09A107FDDF3}
	EndGlobalSection
EndGlobal
